{
  "name": "@redhat-cloud-services/frontend-components-charts",
  "version": "0.0.1",
  "lockfileVersion": 1,
  "requires": true,
  "dependencies": {
    "@patternfly/react-icons": {
      "version": "3.8.1",
      "resolved": "https://registry.npmjs.org/@patternfly/react-icons/-/react-icons-3.8.1.tgz",
      "integrity": "sha512-0LCuW4qdDQdiRcnmDBhTdnJZIk1ZlP0mn9VcnnUQ5qkLlJPFtiipcgr+RoQl56ht3xt6pXDKy6Gvv7Wwz/BVkw=="
    }
  }
}
