{
	"name": "@redhat-cloud-services/frontend-components-inventory-general-info",
	"version": "0.0.6",
	"lockfileVersion": 1,
	"requires": true,
	"dependencies": {
		"@redhat-cloud-services/frontend-components": {
			"version": "0.0.4",
			"resolved": "https://registry.npmjs.org/@redhat-cloud-services/frontend-components/-/frontend-components-0.0.4.tgz",
			"integrity": "sha512-JXZYzD/AThPwKYMyUFwtu9n3E54HRiEb77WV6accU0J+FchHs9rAU55poDBKLPqNvozjij7DaFqSkcN34Th/QQ==",
			"requires": {
				"@redhat-cloud-services/frontend-components-utilities": "*"
			}
		},
		"@redhat-cloud-services/frontend-components-utilities": {
			"version": "0.0.4",
			"resolved": "https://registry.npmjs.org/@redhat-cloud-services/frontend-components-utilities/-/frontend-components-utilities-0.0.4.tgz",
			"integrity": "sha512-wZt1YRMndJ4Alz1HpcsKsQYecyuG8vcXzYLCIOayqb7zbR3OHO0QQcLNFv5lhP9qAONncgb0auQnS1DKv7RSmw==",
			"requires": {
				"axios": "^0.18.0",
				"react-content-loader": "^3.4.1"
			}
		},
		"@redhat-cloud-services/host-inventory-client": {
			"version": "1.0.13",
			"resolved": "https://registry.npmjs.org/@redhat-cloud-services/host-inventory-client/-/host-inventory-client-1.0.13.tgz",
			"integrity": "sha512-Al1lTouQYF5Jel2hXuyi6RswzoMfny/B2vAozKrVsOVs30fxrkEJHoG2NsDsh2c8MHOhpDaWpj3R8TLux2FO5A==",
			"requires": {
				"axios": "^0.18.0"
			}
		},
		"axios": {
			"version": "0.18.0",
			"resolved": "https://registry.npmjs.org/axios/-/axios-0.18.0.tgz",
			"integrity": "sha1-MtU+SFHv3AoRmTts0AB4nXDAUQI=",
			"requires": {
				"follow-redirects": "^1.3.0",
				"is-buffer": "^1.1.5"
			}
		},
		"follow-redirects": {
			"version": "1.7.0",
			"resolved": "https://registry.npmjs.org/follow-redirects/-/follow-redirects-1.7.0.tgz",
			"integrity": "sha512-m/pZQy4Gj287eNy94nivy5wchN3Kp+Q5WgUPNy5lJSZ3sgkVKSYV/ZChMAQVIgx1SqfZ2zBZtPA2YlXIWxxJOQ==",
			"requires": {
				"debug": "^3.2.6"
			},
			"dependencies": {
				"debug": {
					"version": "3.2.6",
					"resolved": "https://registry.npmjs.org/debug/-/debug-3.2.6.tgz",
					"integrity": "sha512-mel+jf7nrtEl5Pn1Qx46zARXKDpBbvzezse7p7LqINmdoIk8PYP5SySaxEmYv6TZ0JyEKA1hsCId6DIhgITtWQ==",
					"requires": {
						"ms": "^2.1.1"
					}
				},
				"ms": {
					"version": "2.1.1",
					"resolved": "https://registry.npmjs.org/ms/-/ms-2.1.1.tgz",
					"integrity": "sha512-tgp+dl5cGk28utYktBsrFqA7HKgrhgPsg6Z/EfhWI4gl1Hwq8B/GmY/0oXZ6nF8hDVesS/FpnYaD/kOWhYQvyg=="
				}
			}
		},
		"is-buffer": {
			"version": "1.1.6",
			"resolved": "https://registry.npmjs.org/is-buffer/-/is-buffer-1.1.6.tgz",
			"integrity": "sha512-NcdALwpXkTm5Zvvbk7owOUSvVvBKDgKP5/ewfXEznmQFfs4ZRmanOeKBTjRVjka3QFoN6XJ+9F3USqfHqTaU5w=="
		},
		"react-content-loader": {
			"version": "3.4.2",
			"resolved": "https://registry.npmjs.org/react-content-loader/-/react-content-loader-3.4.2.tgz",
			"integrity": "sha512-UsL3uyPUBZbaPXr52E+MMIOjs7qr6QpcCiF9Xt7we0ACEMAFYp6rWNxVwJbk4/1Peqe9Deajs0PRW5ymvyF5SA=="
		}
	}
}
