{
    "name": "@redhat-cloud-services/frontend-components-remediations",
    "version": "0.0.1",
    "lockfileVersion": 1,
    "requires": true,
    "dependencies": {
        "@fortawesome/fontawesome-common-types": {
            "version": "0.2.17",
            "resolved": "https://registry.npmjs.org/@fortawesome/fontawesome-common-types/-/fontawesome-common-types-0.2.17.tgz",
            "integrity": "sha512-DEYsEb/iiGVoMPQGjhG2uOylLVuMzTxOxysClkabZ5n80Q3oFDWGnshCLKvOvKoeClsgmKhWVrnnqvsMI1cAbw=="
        },
        "@fortawesome/free-brands-svg-icons": {
            "version": "5.8.1",
            "resolved": "https://registry.npmjs.org/@fortawesome/free-brands-svg-icons/-/free-brands-svg-icons-5.8.1.tgz",
            "integrity": "sha512-NN5Nap2D5e7Lusa5uarAUkcaO7PMbme5wmUF8kofZzPUZR753zDg/UFffi+LLE2Mi9zRXCJEYmIRfMON9SxLPg==",
            "requires": {
                "@fortawesome/fontawesome-common-types": "^0.2.17"
            }
        },
        "@patternfly/react-icons": {
            "version": "3.9.1",
            "resolved": "https://registry.npmjs.org/@patternfly/react-icons/-/react-icons-3.9.1.tgz",
            "integrity": "sha512-59CsWJ2MnAMrBl8DOjN8Ry/HV9B4OYIAOf3vCaJgLR6DP1aw2IbYDBCLB1HvjPjuup6AbuGnKHseiitYRXYZFA==",
            "requires": {
                "@fortawesome/free-brands-svg-icons": "^5.8.1"
            }
        }
    }
}
