{
    "name": "@redhat-cloud-services/frontend-components-utilities",
    "version": "0.0.3",
    "lockfileVersion": 1,
    "requires": true,
    "dependencies": {
        "react-content-loader": {
            "version": "4.2.1",
            "resolved": "https://registry.npmjs.org/react-content-loader/-/react-content-loader-4.2.1.tgz",
            "integrity": "sha512-XA5irUvZpQAEavfUBo7kc4tdvAbWwVKJolz/+2Pkj/XU7pn78AweAUtn+AxEajN0Srg/mraJ8XMKlUsXOFiknw=="
        }
    }
}
